PODS:
  - Exteptional (0.3.0)

DEPENDENCIES:
  - Exteptional (from `https://github.com/serhii-londar/Exteptional.git`)

EXTERNAL SOURCES:
  Exteptional:
    :git: https://github.com/serhii-londar/Exteptional.git

CHECKOUT OPTIONS:
  Exteptional:
    :commit: a8f3fe891d4f93c8cac05ce8981b81e736927792
    :git: https://github.com/serhii-londar/Exteptional.git

SPEC CHECKSUMS:
  Exteptional: 1f957d12982fb04463046caa2f473a2354c91063

PODFILE CHECKSUM: 393bd3dba22cf51186aba70b8206986c35771c97

COCOAPODS: 1.5.3
