PODS:
  - Exteptional (0.3.0)

DEPENDENCIES:
  - Exteptional (from `https://github.com/matteocrippa/Exteptional.git`)

EXTERNAL SOURCES:
  Exteptional:
    :git: https://github.com/matteocrippa/Exteptional.git

CHECKOUT OPTIONS:
  Exteptional:
    :commit: 572c2159f80fdb335f829f46a43a9efecd5c91ae
    :git: https://github.com/matteocrippa/Exteptional.git

SPEC CHECKSUMS:
  Exteptional: 1f957d12982fb04463046caa2f473a2354c91063

PODFILE CHECKSUM: e67ac87ede6b7417f2c95113d64c40b36ddfe281

COCOAPODS: 1.5.3
