// !$*UTF8*$!
{
	archiveVersion = 1;
	classes = {
	};
	objectVersion = 48;
	objects = {

/* Begin PBXBuildFile section */
		48D2AE9E1EED94D9003EA135 /* AppDelegate.swift in Sources */ = {isa = PBXBuildFile; fileRef = 48D2AE9D1EED94D9003EA135 /* AppDelegate.swift */; };
		48D2AEA01EED94D9003EA135 /* ViewController.swift in Sources */ = {isa = PBXBuildFile; fileRef = 48D2AE9F1EED94D9003EA135 /* ViewController.swift */; };
		48D2AEA31EED94D9003EA135 /* Main.storyboard in Resources */ = {isa = PBXBuildFile; fileRef = 48D2AEA11EED94D9003EA135 /* Main.storyboard */; };
		48D2AEA51EED94D9003EA135 /* Assets.xcassets in Resources */ = {isa = PBXBuildFile; fileRef = 48D2AEA41EED94D9003EA135 /* Assets.xcassets */; };
		48D2AEA81EED94D9003EA135 /* LaunchScreen.storyboard in Resources */ = {isa = PBXBuildFile; fileRef = 48D2AEA61EED94D9003EA135 /* LaunchScreen.storyboard */; };
/* End PBXBuildFile section */

/* Begin PBXFileReference section */
		48D2AE9A1EED94D9003EA135 /* awesomeswift.app */ = {isa = PBXFileReference; explicitFileType = wrapper.application; includeInIndex = 0; path = awesomeswift.app; sourceTree = BUILT_PRODUCTS_DIR; };
		48D2AE9D1EED94D9003EA135 /* AppDelegate.swift */ = {isa = PBXFileReference; lastKnownFileType = sourcecode.swift; path = AppDelegate.swift; sourceTree = "<group>"; };
		48D2AE9F1EED94D9003EA135 /* ViewController.swift */ = {isa = PBXFileReference; lastKnownFileType = sourcecode.swift; path = ViewController.swift; sourceTree = "<group>"; };
		48D2AEA21EED94D9003EA135 /* Base */ = {isa = PBXFileReference; lastKnownFileType = file.storyboard; name = Base; path = Base.lproj/Main.storyboard; sourceTree = "<group>"; };
		48D2AEA41EED94D9003EA135 /* Assets.xcassets */ = {isa = PBXFileReference; lastKnownFileType = folder.assetcatalog; path = Assets.xcassets; sourceTree = "<group>"; };
		48D2AEA71EED94D9003EA135 /* Base */ = {isa = PBXFileReference; lastKnownFileType = file.storyboard; name = Base; path = Base.lproj/LaunchScreen.storyboard; sourceTree = "<group>"; };
		48D2AEA91EED94D9003EA135 /* Info.plist */ = {isa = PBXFileReference; lastKnownFileType = text.plist.xml; path = Info.plist; sourceTree = "<group>"; };
/* End PBXFileReference section */

/* Begin PBXFrameworksBuildPhase section */
		48D2AE971EED94D9003EA135 /* Frameworks */ = {
			isa = PBXFrameworksBuildPhase;
			buildActionMask = 2147483647;
			files = (
			);
			runOnlyForDeploymentPostprocessing = 0;
		};
/* End PBXFrameworksBuildPhase section */

/* Begin PBXGroup section */
		48D2AE911EED94D9003EA135 = {
			isa = PBXGroup;
			children = (
				48D2AE9C1EED94D9003EA135 /* awesomeswift */,
				48D2AE9B1EED94D9003EA135 /* Products */,
			);
			sourceTree = "<group>";
		};
		48D2AE9B1EED94D9003EA135 /* Products */ = {
			isa = PBXGroup;
			children = (
				48D2AE9A1EED94D9003EA135 /* awesomeswift.app */,
			);
			name = Products;
			sourceTree = "<group>";
		};
		48D2AE9C1EED94D9003EA135 /* awesomeswift */ = {
			isa = PBXGroup;
			children = (
				48D2AE9D1EED94D9003EA135 /* AppDelegate.swift */,
				48D2AE9F1EED94D9003EA135 /* ViewController.swift */,
				48D2AEA11EED94D9003EA135 /* Main.storyboard */,
				48D2AEA41EED94D9003EA135 /* Assets.xcassets */,
				48D2AEA61EED94D9003EA135 /* LaunchScreen.storyboard */,
				48D2AEA91EED94D9003EA135 /* Info.plist */,
			);
			path = awesomeswift;
			sourceTree = "<group>";
		};
/* End PBXGroup section */

/* Begin PBXNativeTarget section */
		48D2AE991EED94D9003EA135 /* awesomeswift */ = {
			isa = PBXNativeTarget;
			buildConfigurationList = 48D2AEAC1EED94D9003EA135 /* Build configuration list for PBXNativeTarget "awesomeswift" */;
			buildPhases = (
				48D2AE961EED94D9003EA135 /* Sources */,
				48D2AE971EED94D9003EA135 /* Frameworks */,
				48D2AE981EED94D9003EA135 /* Resources */,
			);
			buildRules = (
			);
			dependencies = (
			);
			name = awesomeswift;
			productName = awesomeswift;
			productReference = 48D2AE9A1EED94D9003EA135 /* awesomeswift.app */;
			productType = "com.apple.product-type.application";
		};
/* End PBXNativeTarget section */

/* Begin PBXProject section */
		48D2AE921EED94D9003EA135 /* Project object */ = {
			isa = PBXProject;
			attributes = {
				LastSwiftUpdateCheck = 0900;
				LastUpgradeCheck = 0900;
				ORGANIZATIONNAME = Boostcode;
				TargetAttributes = {
					48D2AE991EED94D9003EA135 = {
						CreatedOnToolsVersion = 9.0;
					};
				};
			};
			buildConfigurationList = 48D2AE951EED94D9003EA135 /* Build configuration list for PBXProject "awesomeswift" */;
			compatibilityVersion = "Xcode 8.0";
			developmentRegion = en;
			hasScannedForEncodings = 0;
			knownRegions = (
				en,
				Base,
			);
			mainGroup = 48D2AE911EED94D9003EA135;
			productRefGroup = 48D2AE9B1EED94D9003EA135 /* Products */;
			projectDirPath = "";
			projectRoot = "";
			targets = (
				48D2AE991EED94D9003EA135 /* awesomeswift */,
			);
		};
/* End PBXProject section */

/* Begin PBXResourcesBuildPhase section */
		48D2AE981EED94D9003EA135 /* Resources */ = {
			isa = PBXResourcesBuildPhase;
			buildActionMask = 2147483647;
			files = (
				48D2AEA81EED94D9003EA135 /* LaunchScreen.storyboard in Resources */,
				48D2AEA51EED94D9003EA135 /* Assets.xcassets in Resources */,
				48D2AEA31EED94D9003EA135 /* Main.storyboard in Resources */,
			);
			runOnlyForDeploymentPostprocessing = 0;
		};
/* End PBXResourcesBuildPhase section */

/* Begin PBXSourcesBuildPhase section */
		48D2AE961EED94D9003EA135 /* Sources */ = {
			isa = PBXSourcesBuildPhase;
			buildActionMask = 2147483647;
			files = (
				48D2AEA01EED94D9003EA135 /* ViewController.swift in Sources */,
				48D2AE9E1EED94D9003EA135 /* AppDelegate.swift in Sources */,
			);
			runOnlyForDeploymentPostprocessing = 0;
		};
/* End PBXSourcesBuildPhase section */

/* Begin PBXVariantGroup section */
		48D2AEA11EED94D9003EA135 /* Main.storyboard */ = {
			isa = PBXVariantGroup;
			children = (
				48D2AEA21EED94D9003EA135 /* Base */,
			);
			name = Main.storyboard;
			sourceTree = "<group>";
		};
		48D2AEA61EED94D9003EA135 /* LaunchScreen.storyboard */ = {
			isa = PBXVariantGroup;
			children = (
				48D2AEA71EED94D9003EA135 /* Base */,
			);
			name = LaunchScreen.storyboard;
			sourceTree = "<group>";
		};
/* End PBXVariantGroup section */

/* Begin XCBuildConfiguration section */
		48D2AEAA1EED94D9003EA135 /* Debug */ = {
			isa = XCBuildConfiguration;
			buildSettings = {
				ALWAYS_SEARCH_USER_PATHS = NO;
				CLANG_ANALYZER_NONNULL = YES;
				CLANG_ANALYZER_NUMBER_OBJECT_CONVERSION = YES_AGGRESSIVE;
				CLANG_CXX_LANGUAGE_STANDARD = "gnu++14";
				CLANG_CXX_LIBRARY = "libc++";
				CLANG_ENABLE_MODULES = YES;
				CLANG_ENABLE_OBJC_ARC = YES;
				CLANG_WARN_BLOCK_CAPTURE_AUTORELEASING = YES;
				CLANG_WARN_BOOL_CONVERSION = YES;
				CLANG_WARN_COMMA = YES;
				CLANG_WARN_CONSTANT_CONVERSION = YES;
				CLANG_WARN_DIRECT_OBJC_ISA_USAGE = YES_ERROR;
				CLANG_WARN_DOCUMENTATION_COMMENTS = YES;
				CLANG_WARN_EMPTY_BODY = YES;
				CLANG_WARN_ENUM_CONVERSION = YES;
				CLANG_WARN_INFINITE_RECURSION = YES;
				CLANG_WARN_INT_CONVERSION = YES;
				CLANG_WARN_OBJC_ROOT_CLASS = YES_ERROR;
				CLANG_WARN_RANGE_LOOP_ANALYSIS = YES;
				CLANG_WARN_STRICT_PROTOTYPES = YES;
				CLANG_WARN_SUSPICIOUS_MOVE = YES;
				CLANG_WARN_UNGUARDED_AVAILABILITY = YES_AGGRESSIVE;
				CLANG_WARN_UNREACHABLE_CODE = YES;
				CLANG_WARN__DUPLICATE_METHOD_MATCH = YES;
				CODE_SIGN_IDENTITY = "iPhone Developer";
				COPY_PHASE_STRIP = NO;
				DEBUG_INFORMATION_FORMAT = dwarf;
				ENABLE_STRICT_OBJC_MSGSEND = YES;
				ENABLE_TESTABILITY = YES;
				GCC_C_LANGUAGE_STANDARD = gnu11;
				GCC_DYNAMIC_NO_PIC = NO;
				GCC_NO_COMMON_BLOCKS = YES;
				GCC_OPTIMIZATION_LEVEL = 0;
				GCC_PREPROCESSOR_DEFINITIONS = (
					"DEBUG=1",
					"$(inherited)",
				);
				GCC_WARN_64_TO_32_BIT_CONVERSION = YES;
				GCC_WARN_ABOUT_RETURN_TYPE = YES_ERROR;
				GCC_WARN_UNDECLARED_SELECTOR = YES;
				GCC_WARN_UNINITIALIZED_AUTOS = YES_AGGRESSIVE;
				GCC_WARN_UNUSED_FUNCTION = YES;
				GCC_WARN_UNUSED_VARIABLE = YES;
				IPHONEOS_DEPLOYMENT_TARGET = 11.0;
				MTL_ENABLE_DEBUG_INFO = YES;
				ONLY_ACTIVE_ARCH = YES;
				SDKROOT = iphoneos;
				SWIFT_ACTIVE_COMPILATION_CONDITIONS = DEBUG;
				SWIFT_OPTIMIZATION_LEVEL = "-Onone";
			};
			name = Debug;
		};
		48D2AEAB1EED94D9003EA135 /* Release */ = {
			isa = XCBuildConfiguration;
			buildSettings = {
				ALWAYS_SEARCH_USER_PATHS = NO;
				CLANG_ANALYZER_NONNULL = YES;
				CLANG_ANALYZER_NUMBER_OBJECT_CONVERSION = YES_AGGRESSIVE;
				CLANG_CXX_LANGUAGE_STANDARD = "gnu++14";
				CLANG_CXX_LIBRARY = "libc++";
				CLANG_ENABLE_MODULES = YES;
				CLANG_ENABLE_OBJC_ARC = YES;
				CLANG_WARN_BLOCK_CAPTURE_AUTORELEASING = YES;
				CLANG_WARN_BOOL_CONVERSION = YES;
				CLANG_WARN_COMMA = YES;
				CLANG_WARN_CONSTANT_CONVERSION = YES;
				CLANG_WARN_DIRECT_OBJC_ISA_USAGE = YES_ERROR;
				CLANG_WARN_DOCUMENTATION_COMMENTS = YES;
				CLANG_WARN_EMPTY_BODY = YES;
				CLANG_WARN_ENUM_CONVERSION = YES;
				CLANG_WARN_INFINITE_RECURSION = YES;
				CLANG_WARN_INT_CONVERSION = YES;
				CLANG_WARN_OBJC_ROOT_CLASS = YES_ERROR;
				CLANG_WARN_RANGE_LOOP_ANALYSIS = YES;
				CLANG_WARN_STRICT_PROTOTYPES = YES;
				CLANG_WARN_SUSPICIOUS_MOVE = YES;
				CLANG_WARN_UNGUARDED_AVAILABILITY = YES_AGGRESSIVE;
				CLANG_WARN_UNREACHABLE_CODE = YES;
				CLANG_WARN__DUPLICATE_METHOD_MATCH = YES;
				CODE_SIGN_IDENTITY = "iPhone Developer";
				COPY_PHASE_STRIP = NO;
				DEBUG_INFORMATION_FORMAT = "dwarf-with-dsym";
				ENABLE_NS_ASSERTIONS = NO;
				ENABLE_STRICT_OBJC_MSGSEND = YES;
				GCC_C_LANGUAGE_STANDARD = gnu11;
				GCC_NO_COMMON_BLOCKS = YES;
				GCC_WARN_64_TO_32_BIT_CONVERSION = YES;
				GCC_WARN_ABOUT_RETURN_TYPE = YES_ERROR;
				GCC_WARN_UNDECLARED_SELECTOR = YES;
				GCC_WARN_UNINITIALIZED_AUTOS = YES_AGGRESSIVE;
				GCC_WARN_UNUSED_FUNCTION = YES;
				GCC_WARN_UNUSED_VARIABLE = YES;
				IPHONEOS_DEPLOYMENT_TARGET = 11.0;
				MTL_ENABLE_DEBUG_INFO = NO;
				SDKROOT = iphoneos;
				SWIFT_OPTIMIZATION_LEVEL = "-Owholemodule";
				VALIDATE_PRODUCT = YES;
			};
			name = Release;
		};
		48D2AEAD1EED94D9003EA135 /* Debug */ = {
			isa = XCBuildConfiguration;
			buildSettings = {
				ASSETCATALOG_COMPILER_APPICON_NAME = AppIcon;
				DEVELOPMENT_TEAM = F9FTQCB4H8;
				INFOPLIST_FILE = awesomeswift/Info.plist;
				LD_RUNPATH_SEARCH_PATHS = "$(inherited) @executable_path/Frameworks";
				PRODUCT_BUNDLE_IDENTIFIER = boostco.de.awesomeswift;
				PRODUCT_NAME = "$(TARGET_NAME)";
				SWIFT_VERSION = 4.0;
				TARGETED_DEVICE_FAMILY = "1,2";
			};
			name = Debug;
		};
		48D2AEAE1EED94D9003EA135 /* Release */ = {
			isa = XCBuildConfiguration;
			buildSettings = {
				ASSETCATALOG_COMPILER_APPICON_NAME = AppIcon;
				DEVELOPMENT_TEAM = F9FTQCB4H8;
				INFOPLIST_FILE = awesomeswift/Info.plist;
				LD_RUNPATH_SEARCH_PATHS = "$(inherited) @executable_path/Frameworks";
				PRODUCT_BUNDLE_IDENTIFIER = boostco.de.awesomeswift;
				PRODUCT_NAME = "$(TARGET_NAME)";
				SWIFT_VERSION = 4.0;
				TARGETED_DEVICE_FAMILY = "1,2";
			};
			name = Release;
		};
/* End XCBuildConfiguration section */

/* Begin XCConfigurationList section */
		48D2AE951EED94D9003EA135 /* Build configuration list for PBXProject "awesomeswift" */ = {
			isa = XCConfigurationList;
			buildConfigurations = (
				48D2AEAA1EED94D9003EA135 /* Debug */,
				48D2AEAB1EED94D9003EA135 /* Release */,
			);
			defaultConfigurationIsVisible = 0;
			defaultConfigurationName = Release;
		};
		48D2AEAC1EED94D9003EA135 /* Build configuration list for PBXNativeTarget "awesomeswift" */ = {
			isa = XCConfigurationList;
			buildConfigurations = (
				48D2AEAD1EED94D9003EA135 /* Debug */,
				48D2AEAE1EED94D9003EA135 /* Release */,
			);
			defaultConfigurationIsVisible = 0;
		};
/* End XCConfigurationList section */
	};
	rootObject = 48D2AE921EED94D9003EA135 /* Project object */;
}
