// !$*UTF8*$!
{
	archiveVersion = 1;
	classes = {
	};
	objectVersion = 48;
	objects = {

/* Begin PBXBuildFile section */
		4827A3801F024A9D000A1910 /* AwesomeOpenSourceiOSAppApi.swift in Sources */ = {isa = PBXBuildFile; fileRef = 4827A37F1F024A9D000A1910 /* AwesomeOpenSourceiOSAppApi.swift */; };
		4827A3821F024ADD000A1910 /* URL+Extension.swift in Sources */ = {isa = PBXBuildFile; fileRef = 4827A3811F024ADD000A1910 /* URL+Extension.swift */; };
		4827A3861F024C27000A1910 /* CategoryListViewController.swift in Sources */ = {isa = PBXBuildFile; fileRef = 48D2AEB51EED991E003EA135 /* CategoryListViewController.swift */; };
		4827A3871F024C27000A1910 /* AppDelegate.swift in Sources */ = {isa = PBXBuildFile; fileRef = 48D2AE9D1EED94D9003EA135 /* AppDelegate.swift */; };
		4827A3881F024C27000A1910 /* AwesomeOpenSourceiOSAppApi.swift in Sources */ = {isa = PBXBuildFile; fileRef = 4827A37F1F024A9D000A1910 /* AwesomeOpenSourceiOSAppApi.swift */; };
		4827A3891F024C27000A1910 /* Project.swift in Sources */ = {isa = PBXBuildFile; fileRef = 48D2AEB01EED977E003EA135 /* Project.swift */; };
		4827A38A1F024C27000A1910 /* URL+Extension.swift in Sources */ = {isa = PBXBuildFile; fileRef = 4827A3811F024ADD000A1910 /* URL+Extension.swift */; };
		4827A38B1F024C27000A1910 /* MemoryDb.swift in Sources */ = {isa = PBXBuildFile; fileRef = 48D2AEBC1EEDCD00003EA135 /* MemoryDb.swift */; };
		4827A38C1F024C27000A1910 /* Awesome.swift in Sources */ = {isa = PBXBuildFile; fileRef = 48D2AEBA1EED9F1B003EA135 /* Awesome.swift */; };
		4827A38D1F024C27000A1910 /* AwesomeSwiftApi.swift in Sources */ = {isa = PBXBuildFile; fileRef = 48D2AEB81EED9A6B003EA135 /* AwesomeSwiftApi.swift */; };
		4827A38E1F024C27000A1910 /* ProjectTableViewCell.swift in Sources */ = {isa = PBXBuildFile; fileRef = 486D90CB1EEEC6570045CB6C /* ProjectTableViewCell.swift */; };
		4827A38F1F024C27000A1910 /* Category.swift in Sources */ = {isa = PBXBuildFile; fileRef = 48D2AEB21EED97F6003EA135 /* Category.swift */; };
		4827A3901F024C27000A1910 /* UIColor+Extension.swift in Sources */ = {isa = PBXBuildFile; fileRef = 48D2AEBE1EEDD791003EA135 /* UIColor+Extension.swift */; };
		4827A3911F024C27000A1910 /* ProjectDetailViewController.swift in Sources */ = {isa = PBXBuildFile; fileRef = 48D2AEC71EEDE55E003EA135 /* ProjectDetailViewController.swift */; };
		4827A3921F024C27000A1910 /* CategoryTableViewCell.swift in Sources */ = {isa = PBXBuildFile; fileRef = 48F15DF51EEE953B0009D074 /* CategoryTableViewCell.swift */; };
		4827A3941F024C27000A1910 /* Pods_awesomeswift.framework in Frameworks */ = {isa = PBXBuildFile; fileRef = 1D04FFE14CC53A48D49E4FAE /* Pods_awesomeswift.framework */; };
		4827A3961F024C27000A1910 /* Project.storyboard in Resources */ = {isa = PBXBuildFile; fileRef = 48D2AEC31EEDE515003EA135 /* Project.storyboard */; };
		4827A3971F024C27000A1910 /* LaunchScreen.storyboard in Resources */ = {isa = PBXBuildFile; fileRef = 48D2AEA61EED94D9003EA135 /* LaunchScreen.storyboard */; };
		4827A3981F024C27000A1910 /* Assets.xcassets in Resources */ = {isa = PBXBuildFile; fileRef = 48D2AEA41EED94D9003EA135 /* Assets.xcassets */; };
		4827A3991F024C27000A1910 /* Category.storyboard in Resources */ = {isa = PBXBuildFile; fileRef = 48D2AEA11EED94D9003EA135 /* Category.storyboard */; };
		486D90CC1EEEC6570045CB6C /* ProjectTableViewCell.swift in Sources */ = {isa = PBXBuildFile; fileRef = 486D90CB1EEEC6570045CB6C /* ProjectTableViewCell.swift */; };
		48D2AE9E1EED94D9003EA135 /* AppDelegate.swift in Sources */ = {isa = PBXBuildFile; fileRef = 48D2AE9D1EED94D9003EA135 /* AppDelegate.swift */; };
		48D2AEA31EED94D9003EA135 /* Category.storyboard in Resources */ = {isa = PBXBuildFile; fileRef = 48D2AEA11EED94D9003EA135 /* Category.storyboard */; };
		48D2AEA51EED94D9003EA135 /* Assets.xcassets in Resources */ = {isa = PBXBuildFile; fileRef = 48D2AEA41EED94D9003EA135 /* Assets.xcassets */; };
		48D2AEA81EED94D9003EA135 /* LaunchScreen.storyboard in Resources */ = {isa = PBXBuildFile; fileRef = 48D2AEA61EED94D9003EA135 /* LaunchScreen.storyboard */; };
		48D2AEB11EED977E003EA135 /* Project.swift in Sources */ = {isa = PBXBuildFile; fileRef = 48D2AEB01EED977E003EA135 /* Project.swift */; };
		48D2AEB31EED97F6003EA135 /* Category.swift in Sources */ = {isa = PBXBuildFile; fileRef = 48D2AEB21EED97F6003EA135 /* Category.swift */; };
		48D2AEB61EED991E003EA135 /* CategoryListViewController.swift in Sources */ = {isa = PBXBuildFile; fileRef = 48D2AEB51EED991E003EA135 /* CategoryListViewController.swift */; };
		48D2AEB91EED9A6B003EA135 /* AwesomeSwiftApi.swift in Sources */ = {isa = PBXBuildFile; fileRef = 48D2AEB81EED9A6B003EA135 /* AwesomeSwiftApi.swift */; };
		48D2AEBB1EED9F1B003EA135 /* Awesome.swift in Sources */ = {isa = PBXBuildFile; fileRef = 48D2AEBA1EED9F1B003EA135 /* Awesome.swift */; };
		48D2AEBD1EEDCD00003EA135 /* MemoryDb.swift in Sources */ = {isa = PBXBuildFile; fileRef = 48D2AEBC1EEDCD00003EA135 /* MemoryDb.swift */; };
		48D2AEBF1EEDD791003EA135 /* UIColor+Extension.swift in Sources */ = {isa = PBXBuildFile; fileRef = 48D2AEBE1EEDD791003EA135 /* UIColor+Extension.swift */; };
		48D2AEC41EEDE515003EA135 /* Project.storyboard in Resources */ = {isa = PBXBuildFile; fileRef = 48D2AEC31EEDE515003EA135 /* Project.storyboard */; };
		48D2AEC81EEDE55E003EA135 /* ProjectDetailViewController.swift in Sources */ = {isa = PBXBuildFile; fileRef = 48D2AEC71EEDE55E003EA135 /* ProjectDetailViewController.swift */; };
		48F15DF61EEE953B0009D074 /* CategoryTableViewCell.swift in Sources */ = {isa = PBXBuildFile; fileRef = 48F15DF51EEE953B0009D074 /* CategoryTableViewCell.swift */; };
		EB27039AA765966B57D178C1 /* Pods_awesomeswift.framework in Frameworks */ = {isa = PBXBuildFile; fileRef = 1D04FFE14CC53A48D49E4FAE /* Pods_awesomeswift.framework */; };
/* End PBXBuildFile section */

/* Begin PBXFileReference section */
		1D04FFE14CC53A48D49E4FAE /* Pods_awesomeswift.framework */ = {isa = PBXFileReference; explicitFileType = wrapper.framework; includeInIndex = 0; path = Pods_awesomeswift.framework; sourceTree = BUILT_PRODUCTS_DIR; };
		46BFFE07F8394E09AB853ECD /* Pods-awesomeswift.release.xcconfig */ = {isa = PBXFileReference; includeInIndex = 1; lastKnownFileType = text.xcconfig; name = "Pods-awesomeswift.release.xcconfig"; path = "Pods/Target Support Files/Pods-awesomeswift/Pods-awesomeswift.release.xcconfig"; sourceTree = "<group>"; };
		4827A37F1F024A9D000A1910 /* AwesomeOpenSourceiOSAppApi.swift */ = {isa = PBXFileReference; lastKnownFileType = sourcecode.swift; path = AwesomeOpenSourceiOSAppApi.swift; sourceTree = "<group>"; };
		4827A3811F024ADD000A1910 /* URL+Extension.swift */ = {isa = PBXFileReference; lastKnownFileType = sourcecode.swift; path = "URL+Extension.swift"; sourceTree = "<group>"; };
		4827A39F1F024C27000A1910 /* awesomeopensource.app */ = {isa = PBXFileReference; explicitFileType = wrapper.application; includeInIndex = 0; path = awesomeopensource.app; sourceTree = BUILT_PRODUCTS_DIR; };
		4827A3A01F024C27000A1910 /* awesomeswift copy-Info.plist */ = {isa = PBXFileReference; lastKnownFileType = text.plist.xml; name = "awesomeswift copy-Info.plist"; path = "/Users/matteocrippa/Repositories/awesome-swift-ios/awesomeswift copy-Info.plist"; sourceTree = "<absolute>"; };
		486D90CB1EEEC6570045CB6C /* ProjectTableViewCell.swift */ = {isa = PBXFileReference; lastKnownFileType = sourcecode.swift; path = ProjectTableViewCell.swift; sourceTree = "<group>"; };
		48D2AE9A1EED94D9003EA135 /* awesomeswift.app */ = {isa = PBXFileReference; explicitFileType = wrapper.application; includeInIndex = 0; path = awesomeswift.app; sourceTree = BUILT_PRODUCTS_DIR; };
		48D2AE9D1EED94D9003EA135 /* AppDelegate.swift */ = {isa = PBXFileReference; lastKnownFileType = sourcecode.swift; path = AppDelegate.swift; sourceTree = "<group>"; };
		48D2AEA21EED94D9003EA135 /* Base */ = {isa = PBXFileReference; lastKnownFileType = file.storyboard; name = Base; path = Base.lproj/Category.storyboard; sourceTree = "<group>"; };
		48D2AEA41EED94D9003EA135 /* Assets.xcassets */ = {isa = PBXFileReference; lastKnownFileType = folder.assetcatalog; path = Assets.xcassets; sourceTree = "<group>"; };
		48D2AEA71EED94D9003EA135 /* Base */ = {isa = PBXFileReference; lastKnownFileType = file.storyboard; name = Base; path = Base.lproj/LaunchScreen.storyboard; sourceTree = "<group>"; };
		48D2AEA91EED94D9003EA135 /* Info.plist */ = {isa = PBXFileReference; lastKnownFileType = text.plist.xml; path = Info.plist; sourceTree = "<group>"; };
		48D2AEB01EED977E003EA135 /* Project.swift */ = {isa = PBXFileReference; lastKnownFileType = sourcecode.swift; path = Project.swift; sourceTree = "<group>"; };
		48D2AEB21EED97F6003EA135 /* Category.swift */ = {isa = PBXFileReference; lastKnownFileType = sourcecode.swift; path = Category.swift; sourceTree = "<group>"; };
		48D2AEB51EED991E003EA135 /* CategoryListViewController.swift */ = {isa = PBXFileReference; lastKnownFileType = sourcecode.swift; path = CategoryListViewController.swift; sourceTree = "<group>"; };
		48D2AEB81EED9A6B003EA135 /* AwesomeSwiftApi.swift */ = {isa = PBXFileReference; lastKnownFileType = sourcecode.swift; path = AwesomeSwiftApi.swift; sourceTree = "<group>"; };
		48D2AEBA1EED9F1B003EA135 /* Awesome.swift */ = {isa = PBXFileReference; lastKnownFileType = sourcecode.swift; path = Awesome.swift; sourceTree = "<group>"; };
		48D2AEBC1EEDCD00003EA135 /* MemoryDb.swift */ = {isa = PBXFileReference; lastKnownFileType = sourcecode.swift; path = MemoryDb.swift; sourceTree = "<group>"; };
		48D2AEBE1EEDD791003EA135 /* UIColor+Extension.swift */ = {isa = PBXFileReference; lastKnownFileType = sourcecode.swift; path = "UIColor+Extension.swift"; sourceTree = "<group>"; };
		48D2AEC31EEDE515003EA135 /* Project.storyboard */ = {isa = PBXFileReference; lastKnownFileType = file.storyboard; path = Project.storyboard; sourceTree = "<group>"; };
		48D2AEC71EEDE55E003EA135 /* ProjectDetailViewController.swift */ = {isa = PBXFileReference; lastKnownFileType = sourcecode.swift; path = ProjectDetailViewController.swift; sourceTree = "<group>"; };
		48F15DF51EEE953B0009D074 /* CategoryTableViewCell.swift */ = {isa = PBXFileReference; lastKnownFileType = sourcecode.swift; path = CategoryTableViewCell.swift; sourceTree = "<group>"; };
		CF3ECE2B1820D5363F31EDD7 /* Pods-awesomeswift.debug.xcconfig */ = {isa = PBXFileReference; includeInIndex = 1; lastKnownFileType = text.xcconfig; name = "Pods-awesomeswift.debug.xcconfig"; path = "Pods/Target Support Files/Pods-awesomeswift/Pods-awesomeswift.debug.xcconfig"; sourceTree = "<group>"; };
/* End PBXFileReference section */

/* Begin PBXFrameworksBuildPhase section */
		4827A3931F024C27000A1910 /* Frameworks */ = {
			isa = PBXFrameworksBuildPhase;
			buildActionMask = 2147483647;
			files = (
				4827A3941F024C27000A1910 /* Pods_awesomeswift.framework in Frameworks */,
			);
			runOnlyForDeploymentPostprocessing = 0;
		};
		48D2AE971EED94D9003EA135 /* Frameworks */ = {
			isa = PBXFrameworksBuildPhase;
			buildActionMask = 2147483647;
			files = (
				EB27039AA765966B57D178C1 /* Pods_awesomeswift.framework in Frameworks */,
			);
			runOnlyForDeploymentPostprocessing = 0;
		};
/* End PBXFrameworksBuildPhase section */

/* Begin PBXGroup section */
		27C3FBD0A4163945CAB2456A /* Pods */ = {
			isa = PBXGroup;
			children = (
				CF3ECE2B1820D5363F31EDD7 /* Pods-awesomeswift.debug.xcconfig */,
				46BFFE07F8394E09AB853ECD /* Pods-awesomeswift.release.xcconfig */,
			);
			name = Pods;
			sourceTree = "<group>";
		};
		41C0647CE32D2E680E172060 /* Frameworks */ = {
			isa = PBXGroup;
			children = (
				1D04FFE14CC53A48D49E4FAE /* Pods_awesomeswift.framework */,
			);
			name = Frameworks;
			sourceTree = "<group>";
		};
		48D2AE911EED94D9003EA135 = {
			isa = PBXGroup;
			children = (
				48D2AE9C1EED94D9003EA135 /* awesomeswift */,
				48D2AE9B1EED94D9003EA135 /* Products */,
				27C3FBD0A4163945CAB2456A /* Pods */,
				41C0647CE32D2E680E172060 /* Frameworks */,
				4827A3A01F024C27000A1910 /* awesomeswift copy-Info.plist */,
			);
			sourceTree = "<group>";
		};
		48D2AE9B1EED94D9003EA135 /* Products */ = {
			isa = PBXGroup;
			children = (
				48D2AE9A1EED94D9003EA135 /* awesomeswift.app */,
				4827A39F1F024C27000A1910 /* awesomeopensource.app */,
			);
			name = Products;
			sourceTree = "<group>";
		};
		48D2AE9C1EED94D9003EA135 /* awesomeswift */ = {
			isa = PBXGroup;
			children = (
				48D2AEC11EEDE486003EA135 /* Extension */,
				48D2AEB71EED9A57003EA135 /* Network */,
				48D2AEB41EED9900003EA135 /* View */,
				48D2AEAF1EED9771003EA135 /* Model */,
				48D2AE9D1EED94D9003EA135 /* AppDelegate.swift */,
				48D2AEA41EED94D9003EA135 /* Assets.xcassets */,
				48D2AEA61EED94D9003EA135 /* LaunchScreen.storyboard */,
				48D2AEA91EED94D9003EA135 /* Info.plist */,
			);
			path = awesomeswift;
			sourceTree = "<group>";
		};
		48D2AEAF1EED9771003EA135 /* Model */ = {
			isa = PBXGroup;
			children = (
				48D2AEB01EED977E003EA135 /* Project.swift */,
				48D2AEB21EED97F6003EA135 /* Category.swift */,
				48D2AEBA1EED9F1B003EA135 /* Awesome.swift */,
				48D2AEBC1EEDCD00003EA135 /* MemoryDb.swift */,
			);
			path = Model;
			sourceTree = "<group>";
		};
		48D2AEB41EED9900003EA135 /* View */ = {
			isa = PBXGroup;
			children = (
				48D2AEC01EEDE46D003EA135 /* Category */,
				48D2AEC21EEDE4FE003EA135 /* Project */,
			);
			path = View;
			sourceTree = "<group>";
		};
		48D2AEB71EED9A57003EA135 /* Network */ = {
			isa = PBXGroup;
			children = (
				48D2AEB81EED9A6B003EA135 /* AwesomeSwiftApi.swift */,
				4827A37F1F024A9D000A1910 /* AwesomeOpenSourceiOSAppApi.swift */,
			);
			path = Network;
			sourceTree = "<group>";
		};
		48D2AEC01EEDE46D003EA135 /* Category */ = {
			isa = PBXGroup;
			children = (
				48F15DF41EEE952B0009D074 /* Cell */,
				48D2AEA11EED94D9003EA135 /* Category.storyboard */,
				48D2AEB51EED991E003EA135 /* CategoryListViewController.swift */,
			);
			path = Category;
			sourceTree = "<group>";
		};
		48D2AEC11EEDE486003EA135 /* Extension */ = {
			isa = PBXGroup;
			children = (
				48D2AEBE1EEDD791003EA135 /* UIColor+Extension.swift */,
				4827A3811F024ADD000A1910 /* URL+Extension.swift */,
			);
			path = Extension;
			sourceTree = "<group>";
		};
		48D2AEC21EEDE4FE003EA135 /* Project */ = {
			isa = PBXGroup;
			children = (
				48D2AEC31EEDE515003EA135 /* Project.storyboard */,
				48D2AEC71EEDE55E003EA135 /* ProjectDetailViewController.swift */,
			);
			path = Project;
			sourceTree = "<group>";
		};
		48F15DF41EEE952B0009D074 /* Cell */ = {
			isa = PBXGroup;
			children = (
				48F15DF51EEE953B0009D074 /* CategoryTableViewCell.swift */,
				486D90CB1EEEC6570045CB6C /* ProjectTableViewCell.swift */,
			);
			name = Cell;
			sourceTree = "<group>";
		};
/* End PBXGroup section */

/* Begin PBXNativeTarget section */
		4827A3831F024C27000A1910 /* awesomeopensource */ = {
			isa = PBXNativeTarget;
			buildConfigurationList = 4827A39C1F024C27000A1910 /* Build configuration list for PBXNativeTarget "awesomeopensource" */;
			buildPhases = (
				4827A3841F024C27000A1910 /* [CP] Check Pods Manifest.lock */,
				4827A3851F024C27000A1910 /* Sources */,
				4827A3931F024C27000A1910 /* Frameworks */,
				4827A3951F024C27000A1910 /* Resources */,
				4827A39A1F024C27000A1910 /* [CP] Embed Pods Frameworks */,
				4827A39B1F024C27000A1910 /* [CP] Copy Pods Resources */,
			);
			buildRules = (
			);
			dependencies = (
			);
			name = awesomeopensource;
			productName = awesomeswift;
			productReference = 4827A39F1F024C27000A1910 /* awesomeopensource.app */;
			productType = "com.apple.product-type.application";
		};
		48D2AE991EED94D9003EA135 /* awesomeswift */ = {
			isa = PBXNativeTarget;
			buildConfigurationList = 48D2AEAC1EED94D9003EA135 /* Build configuration list for PBXNativeTarget "awesomeswift" */;
			buildPhases = (
				37537659DA8A19AA49D42588 /* [CP] Check Pods Manifest.lock */,
				48D2AE961EED94D9003EA135 /* Sources */,
				48D2AE971EED94D9003EA135 /* Frameworks */,
				48D2AE981EED94D9003EA135 /* Resources */,
				9CEDFA39D28F75EDAF809240 /* [CP] Embed Pods Frameworks */,
				B9DC518F8A05F720E3526888 /* [CP] Copy Pods Resources */,
			);
			buildRules = (
			);
			dependencies = (
			);
			name = awesomeswift;
			productName = awesomeswift;
			productReference = 48D2AE9A1EED94D9003EA135 /* awesomeswift.app */;
			productType = "com.apple.product-type.application";
		};
/* End PBXNativeTarget section */

/* Begin PBXProject section */
		48D2AE921EED94D9003EA135 /* Project object */ = {
			isa = PBXProject;
			attributes = {
				LastSwiftUpdateCheck = 0900;
				LastUpgradeCheck = 0900;
				ORGANIZATIONNAME = Boostcode;
				TargetAttributes = {
					48D2AE991EED94D9003EA135 = {
						CreatedOnToolsVersion = 9.0;
					};
				};
			};
			buildConfigurationList = 48D2AE951EED94D9003EA135 /* Build configuration list for PBXProject "awesomeswift" */;
			compatibilityVersion = "Xcode 8.0";
			developmentRegion = en;
			hasScannedForEncodings = 0;
			knownRegions = (
				en,
				Base,
			);
			mainGroup = 48D2AE911EED94D9003EA135;
			productRefGroup = 48D2AE9B1EED94D9003EA135 /* Products */;
			projectDirPath = "";
			projectRoot = "";
			targets = (
				48D2AE991EED94D9003EA135 /* awesomeswift */,
				4827A3831F024C27000A1910 /* awesomeopensource */,
			);
		};
/* End PBXProject section */

/* Begin PBXResourcesBuildPhase section */
		4827A3951F024C27000A1910 /* Resources */ = {
			isa = PBXResourcesBuildPhase;
			buildActionMask = 2147483647;
			files = (
				4827A3961F024C27000A1910 /* Project.storyboard in Resources */,
				4827A3971F024C27000A1910 /* LaunchScreen.storyboard in Resources */,
				4827A3981F024C27000A1910 /* Assets.xcassets in Resources */,
				4827A3991F024C27000A1910 /* Category.storyboard in Resources */,
			);
			runOnlyForDeploymentPostprocessing = 0;
		};
		48D2AE981EED94D9003EA135 /* Resources */ = {
			isa = PBXResourcesBuildPhase;
			buildActionMask = 2147483647;
			files = (
				48D2AEC41EEDE515003EA135 /* Project.storyboard in Resources */,
				48D2AEA81EED94D9003EA135 /* LaunchScreen.storyboard in Resources */,
				48D2AEA51EED94D9003EA135 /* Assets.xcassets in Resources */,
				48D2AEA31EED94D9003EA135 /* Category.storyboard in Resources */,
			);
			runOnlyForDeploymentPostprocessing = 0;
		};
/* End PBXResourcesBuildPhase section */

/* Begin PBXShellScriptBuildPhase section */
		37537659DA8A19AA49D42588 /* [CP] Check Pods Manifest.lock */ = {
			isa = PBXShellScriptBuildPhase;
			buildActionMask = 2147483647;
			files = (
			);
			inputPaths = (
			);
			name = "[CP] Check Pods Manifest.lock";
			outputPaths = (
			);
			runOnlyForDeploymentPostprocessing = 0;
			shellPath = /bin/sh;
			shellScript = "diff \"${PODS_PODFILE_DIR_PATH}/Podfile.lock\" \"${PODS_ROOT}/Manifest.lock\" > /dev/null\nif [ $? != 0 ] ; then\n    # print error to STDERR\n    echo \"error: The sandbox is not in sync with the Podfile.lock. Run 'pod install' or update your CocoaPods installation.\" >&2\n    exit 1\nfi\n";
			showEnvVarsInLog = 0;
		};
		4827A3841F024C27000A1910 /* [CP] Check Pods Manifest.lock */ = {
			isa = PBXShellScriptBuildPhase;
			buildActionMask = 2147483647;
			files = (
			);
			inputPaths = (
			);
			name = "[CP] Check Pods Manifest.lock";
			outputPaths = (
			);
			runOnlyForDeploymentPostprocessing = 0;
			shellPath = /bin/sh;
			shellScript = "diff \"${PODS_PODFILE_DIR_PATH}/Podfile.lock\" \"${PODS_ROOT}/Manifest.lock\" > /dev/null\nif [ $? != 0 ] ; then\n    # print error to STDERR\n    echo \"error: The sandbox is not in sync with the Podfile.lock. Run 'pod install' or update your CocoaPods installation.\" >&2\n    exit 1\nfi\n";
			showEnvVarsInLog = 0;
		};
		4827A39A1F024C27000A1910 /* [CP] Embed Pods Frameworks */ = {
			isa = PBXShellScriptBuildPhase;
			buildActionMask = 2147483647;
			files = (
			);
			inputPaths = (
			);
			name = "[CP] Embed Pods Frameworks";
			outputPaths = (
			);
			runOnlyForDeploymentPostprocessing = 0;
			shellPath = /bin/sh;
			shellScript = "\"${SRCROOT}/Pods/Target Support Files/Pods-awesomeswift/Pods-awesomeswift-frameworks.sh\"\n";
			showEnvVarsInLog = 0;
		};
		4827A39B1F024C27000A1910 /* [CP] Copy Pods Resources */ = {
			isa = PBXShellScriptBuildPhase;
			buildActionMask = 2147483647;
			files = (
			);
			inputPaths = (
			);
			name = "[CP] Copy Pods Resources";
			outputPaths = (
			);
			runOnlyForDeploymentPostprocessing = 0;
			shellPath = /bin/sh;
			shellScript = "\"${SRCROOT}/Pods/Target Support Files/Pods-awesomeswift/Pods-awesomeswift-resources.sh\"\n";
			showEnvVarsInLog = 0;
		};
		9CEDFA39D28F75EDAF809240 /* [CP] Embed Pods Frameworks */ = {
			isa = PBXShellScriptBuildPhase;
			buildActionMask = 2147483647;
			files = (
			);
			inputPaths = (
			);
			name = "[CP] Embed Pods Frameworks";
			outputPaths = (
			);
			runOnlyForDeploymentPostprocessing = 0;
			shellPath = /bin/sh;
			shellScript = "\"${SRCROOT}/Pods/Target Support Files/Pods-awesomeswift/Pods-awesomeswift-frameworks.sh\"\n";
			showEnvVarsInLog = 0;
		};
		B9DC518F8A05F720E3526888 /* [CP] Copy Pods Resources */ = {
			isa = PBXShellScriptBuildPhase;
			buildActionMask = 2147483647;
			files = (
			);
			inputPaths = (
			);
			name = "[CP] Copy Pods Resources";
			outputPaths = (
			);
			runOnlyForDeploymentPostprocessing = 0;
			shellPath = /bin/sh;
			shellScript = "\"${SRCROOT}/Pods/Target Support Files/Pods-awesomeswift/Pods-awesomeswift-resources.sh\"\n";
			showEnvVarsInLog = 0;
		};
/* End PBXShellScriptBuildPhase section */

/* Begin PBXSourcesBuildPhase section */
		4827A3851F024C27000A1910 /* Sources */ = {
			isa = PBXSourcesBuildPhase;
			buildActionMask = 2147483647;
			files = (
				4827A3861F024C27000A1910 /* CategoryListViewController.swift in Sources */,
				4827A3871F024C27000A1910 /* AppDelegate.swift in Sources */,
				4827A3881F024C27000A1910 /* AwesomeOpenSourceiOSAppApi.swift in Sources */,
				4827A3891F024C27000A1910 /* Project.swift in Sources */,
				4827A38A1F024C27000A1910 /* URL+Extension.swift in Sources */,
				4827A38B1F024C27000A1910 /* MemoryDb.swift in Sources */,
				4827A38C1F024C27000A1910 /* Awesome.swift in Sources */,
				4827A38D1F024C27000A1910 /* AwesomeSwiftApi.swift in Sources */,
				4827A38E1F024C27000A1910 /* ProjectTableViewCell.swift in Sources */,
				4827A38F1F024C27000A1910 /* Category.swift in Sources */,
				4827A3901F024C27000A1910 /* UIColor+Extension.swift in Sources */,
				4827A3911F024C27000A1910 /* ProjectDetailViewController.swift in Sources */,
				4827A3921F024C27000A1910 /* CategoryTableViewCell.swift in Sources */,
			);
			runOnlyForDeploymentPostprocessing = 0;
		};
		48D2AE961EED94D9003EA135 /* Sources */ = {
			isa = PBXSourcesBuildPhase;
			buildActionMask = 2147483647;
			files = (
				48D2AEB61EED991E003EA135 /* CategoryListViewController.swift in Sources */,
				48D2AE9E1EED94D9003EA135 /* AppDelegate.swift in Sources */,
				4827A3801F024A9D000A1910 /* AwesomeOpenSourceiOSAppApi.swift in Sources */,
				48D2AEB11EED977E003EA135 /* Project.swift in Sources */,
				4827A3821F024ADD000A1910 /* URL+Extension.swift in Sources */,
				48D2AEBD1EEDCD00003EA135 /* MemoryDb.swift in Sources */,
				48D2AEBB1EED9F1B003EA135 /* Awesome.swift in Sources */,
				48D2AEB91EED9A6B003EA135 /* AwesomeSwiftApi.swift in Sources */,
				486D90CC1EEEC6570045CB6C /* ProjectTableViewCell.swift in Sources */,
				48D2AEB31EED97F6003EA135 /* Category.swift in Sources */,
				48D2AEBF1EEDD791003EA135 /* UIColor+Extension.swift in Sources */,
				48D2AEC81EEDE55E003EA135 /* ProjectDetailViewController.swift in Sources */,
				48F15DF61EEE953B0009D074 /* CategoryTableViewCell.swift in Sources */,
			);
			runOnlyForDeploymentPostprocessing = 0;
		};
/* End PBXSourcesBuildPhase section */

/* Begin PBXVariantGroup section */
		48D2AEA11EED94D9003EA135 /* Category.storyboard */ = {
			isa = PBXVariantGroup;
			children = (
				48D2AEA21EED94D9003EA135 /* Base */,
			);
			name = Category.storyboard;
			sourceTree = "<group>";
		};
		48D2AEA61EED94D9003EA135 /* LaunchScreen.storyboard */ = {
			isa = PBXVariantGroup;
			children = (
				48D2AEA71EED94D9003EA135 /* Base */,
			);
			name = LaunchScreen.storyboard;
			sourceTree = "<group>";
		};
/* End PBXVariantGroup section */

/* Begin XCBuildConfiguration section */
		4827A39D1F024C27000A1910 /* Debug */ = {
			isa = XCBuildConfiguration;
			baseConfigurationReference = CF3ECE2B1820D5363F31EDD7 /* Pods-awesomeswift.debug.xcconfig */;
			buildSettings = {
				ASSETCATALOG_COMPILER_APPICON_NAME = AppIcon;
				DEVELOPMENT_TEAM = F9FTQCB4H8;
				INFOPLIST_FILE = "awesomeswift copy-Info.plist";
				LD_RUNPATH_SEARCH_PATHS = "$(inherited) @executable_path/Frameworks";
				PRODUCT_BUNDLE_IDENTIFIER = boostco.de.awesomeswift;
				PRODUCT_NAME = "$(TARGET_NAME)";
				SWIFT_VERSION = 4.0;
				TARGETED_DEVICE_FAMILY = "1,2";
			};
			name = Debug;
		};
		4827A39E1F024C27000A1910 /* Release */ = {
			isa = XCBuildConfiguration;
			baseConfigurationReference = 46BFFE07F8394E09AB853ECD /* Pods-awesomeswift.release.xcconfig */;
			buildSettings = {
				ASSETCATALOG_COMPILER_APPICON_NAME = AppIcon;
				DEVELOPMENT_TEAM = F9FTQCB4H8;
				INFOPLIST_FILE = "awesomeswift copy-Info.plist";
				LD_RUNPATH_SEARCH_PATHS = "$(inherited) @executable_path/Frameworks";
				PRODUCT_BUNDLE_IDENTIFIER = boostco.de.awesomeswift;
				PRODUCT_NAME = "$(TARGET_NAME)";
				SWIFT_VERSION = 4.0;
				TARGETED_DEVICE_FAMILY = "1,2";
			};
			name = Release;
		};
		48D2AEAA1EED94D9003EA135 /* Debug */ = {
			isa = XCBuildConfiguration;
			buildSettings = {
				ALWAYS_SEARCH_USER_PATHS = NO;
				CLANG_ANALYZER_NONNULL = YES;
				CLANG_ANALYZER_NUMBER_OBJECT_CONVERSION = YES_AGGRESSIVE;
				CLANG_CXX_LANGUAGE_STANDARD = "gnu++14";
				CLANG_CXX_LIBRARY = "libc++";
				CLANG_ENABLE_MODULES = YES;
				CLANG_ENABLE_OBJC_ARC = YES;
				CLANG_WARN_BLOCK_CAPTURE_AUTORELEASING = YES;
				CLANG_WARN_BOOL_CONVERSION = YES;
				CLANG_WARN_COMMA = YES;
				CLANG_WARN_CONSTANT_CONVERSION = YES;
				CLANG_WARN_DIRECT_OBJC_ISA_USAGE = YES_ERROR;
				CLANG_WARN_DOCUMENTATION_COMMENTS = YES;
				CLANG_WARN_EMPTY_BODY = YES;
				CLANG_WARN_ENUM_CONVERSION = YES;
				CLANG_WARN_INFINITE_RECURSION = YES;
				CLANG_WARN_INT_CONVERSION = YES;
				CLANG_WARN_NON_LITERAL_NULL_CONVERSION = YES;
				CLANG_WARN_OBJC_LITERAL_CONVERSION = YES;
				CLANG_WARN_OBJC_ROOT_CLASS = YES_ERROR;
				CLANG_WARN_RANGE_LOOP_ANALYSIS = YES;
				CLANG_WARN_STRICT_PROTOTYPES = YES;
				CLANG_WARN_SUSPICIOUS_MOVE = YES;
				CLANG_WARN_UNGUARDED_AVAILABILITY = YES_AGGRESSIVE;
				CLANG_WARN_UNREACHABLE_CODE = YES;
				CLANG_WARN__DUPLICATE_METHOD_MATCH = YES;
				CODE_SIGN_IDENTITY = "iPhone Developer";
				COPY_PHASE_STRIP = NO;
				DEBUG_INFORMATION_FORMAT = dwarf;
				ENABLE_STRICT_OBJC_MSGSEND = YES;
				ENABLE_TESTABILITY = YES;
				GCC_C_LANGUAGE_STANDARD = gnu11;
				GCC_DYNAMIC_NO_PIC = NO;
				GCC_NO_COMMON_BLOCKS = YES;
				GCC_OPTIMIZATION_LEVEL = 0;
				GCC_PREPROCESSOR_DEFINITIONS = (
					"DEBUG=1",
					"$(inherited)",
				);
				GCC_WARN_64_TO_32_BIT_CONVERSION = YES;
				GCC_WARN_ABOUT_RETURN_TYPE = YES_ERROR;
				GCC_WARN_UNDECLARED_SELECTOR = YES;
				GCC_WARN_UNINITIALIZED_AUTOS = YES_AGGRESSIVE;
				GCC_WARN_UNUSED_FUNCTION = YES;
				GCC_WARN_UNUSED_VARIABLE = YES;
				IPHONEOS_DEPLOYMENT_TARGET = 11.0;
				MTL_ENABLE_DEBUG_INFO = YES;
				ONLY_ACTIVE_ARCH = YES;
				SDKROOT = iphoneos;
				SWIFT_ACTIVE_COMPILATION_CONDITIONS = DEBUG;
				SWIFT_OPTIMIZATION_LEVEL = "-Onone";
			};
			name = Debug;
		};
		48D2AEAB1EED94D9003EA135 /* Release */ = {
			isa = XCBuildConfiguration;
			buildSettings = {
				ALWAYS_SEARCH_USER_PATHS = NO;
				CLANG_ANALYZER_NONNULL = YES;
				CLANG_ANALYZER_NUMBER_OBJECT_CONVERSION = YES_AGGRESSIVE;
				CLANG_CXX_LANGUAGE_STANDARD = "gnu++14";
				CLANG_CXX_LIBRARY = "libc++";
				CLANG_ENABLE_MODULES = YES;
				CLANG_ENABLE_OBJC_ARC = YES;
				CLANG_WARN_BLOCK_CAPTURE_AUTORELEASING = YES;
				CLANG_WARN_BOOL_CONVERSION = YES;
				CLANG_WARN_COMMA = YES;
				CLANG_WARN_CONSTANT_CONVERSION = YES;
				CLANG_WARN_DIRECT_OBJC_ISA_USAGE = YES_ERROR;
				CLANG_WARN_DOCUMENTATION_COMMENTS = YES;
				CLANG_WARN_EMPTY_BODY = YES;
				CLANG_WARN_ENUM_CONVERSION = YES;
				CLANG_WARN_INFINITE_RECURSION = YES;
				CLANG_WARN_INT_CONVERSION = YES;
				CLANG_WARN_NON_LITERAL_NULL_CONVERSION = YES;
				CLANG_WARN_OBJC_LITERAL_CONVERSION = YES;
				CLANG_WARN_OBJC_ROOT_CLASS = YES_ERROR;
				CLANG_WARN_RANGE_LOOP_ANALYSIS = YES;
				CLANG_WARN_STRICT_PROTOTYPES = YES;
				CLANG_WARN_SUSPICIOUS_MOVE = YES;
				CLANG_WARN_UNGUARDED_AVAILABILITY = YES_AGGRESSIVE;
				CLANG_WARN_UNREACHABLE_CODE = YES;
				CLANG_WARN__DUPLICATE_METHOD_MATCH = YES;
				CODE_SIGN_IDENTITY = "iPhone Developer";
				COPY_PHASE_STRIP = NO;
				DEBUG_INFORMATION_FORMAT = "dwarf-with-dsym";
				ENABLE_NS_ASSERTIONS = NO;
				ENABLE_STRICT_OBJC_MSGSEND = YES;
				GCC_C_LANGUAGE_STANDARD = gnu11;
				GCC_NO_COMMON_BLOCKS = YES;
				GCC_WARN_64_TO_32_BIT_CONVERSION = YES;
				GCC_WARN_ABOUT_RETURN_TYPE = YES_ERROR;
				GCC_WARN_UNDECLARED_SELECTOR = YES;
				GCC_WARN_UNINITIALIZED_AUTOS = YES_AGGRESSIVE;
				GCC_WARN_UNUSED_FUNCTION = YES;
				GCC_WARN_UNUSED_VARIABLE = YES;
				IPHONEOS_DEPLOYMENT_TARGET = 11.0;
				MTL_ENABLE_DEBUG_INFO = NO;
				SDKROOT = iphoneos;
				SWIFT_OPTIMIZATION_LEVEL = "-Owholemodule";
				VALIDATE_PRODUCT = YES;
			};
			name = Release;
		};
		48D2AEAD1EED94D9003EA135 /* Debug */ = {
			isa = XCBuildConfiguration;
			baseConfigurationReference = CF3ECE2B1820D5363F31EDD7 /* Pods-awesomeswift.debug.xcconfig */;
			buildSettings = {
				ASSETCATALOG_COMPILER_APPICON_NAME = AppIcon;
				DEVELOPMENT_TEAM = F9FTQCB4H8;
				INFOPLIST_FILE = awesomeswift/Info.plist;
				LD_RUNPATH_SEARCH_PATHS = "$(inherited) @executable_path/Frameworks";
				PRODUCT_BUNDLE_IDENTIFIER = boostco.de.awesomeswift;
				PRODUCT_NAME = "$(TARGET_NAME)";
				SWIFT_VERSION = 4.0;
				TARGETED_DEVICE_FAMILY = "1,2";
			};
			name = Debug;
		};
		48D2AEAE1EED94D9003EA135 /* Release */ = {
			isa = XCBuildConfiguration;
			baseConfigurationReference = 46BFFE07F8394E09AB853ECD /* Pods-awesomeswift.release.xcconfig */;
			buildSettings = {
				ASSETCATALOG_COMPILER_APPICON_NAME = AppIcon;
				DEVELOPMENT_TEAM = F9FTQCB4H8;
				INFOPLIST_FILE = awesomeswift/Info.plist;
				LD_RUNPATH_SEARCH_PATHS = "$(inherited) @executable_path/Frameworks";
				PRODUCT_BUNDLE_IDENTIFIER = boostco.de.awesomeswift;
				PRODUCT_NAME = "$(TARGET_NAME)";
				SWIFT_VERSION = 4.0;
				TARGETED_DEVICE_FAMILY = "1,2";
			};
			name = Release;
		};
/* End XCBuildConfiguration section */

/* Begin XCConfigurationList section */
		4827A39C1F024C27000A1910 /* Build configuration list for PBXNativeTarget "awesomeopensource" */ = {
			isa = XCConfigurationList;
			buildConfigurations = (
				4827A39D1F024C27000A1910 /* Debug */,
				4827A39E1F024C27000A1910 /* Release */,
			);
			defaultConfigurationIsVisible = 0;
			defaultConfigurationName = Release;
		};
		48D2AE951EED94D9003EA135 /* Build configuration list for PBXProject "awesomeswift" */ = {
			isa = XCConfigurationList;
			buildConfigurations = (
				48D2AEAA1EED94D9003EA135 /* Debug */,
				48D2AEAB1EED94D9003EA135 /* Release */,
			);
			defaultConfigurationIsVisible = 0;
			defaultConfigurationName = Release;
		};
		48D2AEAC1EED94D9003EA135 /* Build configuration list for PBXNativeTarget "awesomeswift" */ = {
			isa = XCConfigurationList;
			buildConfigurations = (
				48D2AEAD1EED94D9003EA135 /* Debug */,
				48D2AEAE1EED94D9003EA135 /* Release */,
			);
			defaultConfigurationIsVisible = 0;
			defaultConfigurationName = Release;
		};
/* End XCConfigurationList section */
	};
	rootObject = 48D2AE921EED94D9003EA135 /* Project object */;
}
